
Microsoft Visual Studio Solution File, Format Version 12.00
# Visual Studio Version 16
VisualStudioVersion = 16.0.29319.158
MinimumVisualStudioVersion = 10.0.40219.1
Project("{9A19103F-16F7-4668-BE54-9A1E7A4F7556}") = "PrimeNumbers.Test", "PrimeNumbers.Test\PrimeNumbers.Test.csproj", "{1128537E-DE87-439E-AC8D-A1375B3BB54B}"
EndProject
Project("{9A19103F-16F7-4668-BE54-9A1E7A4F7556}") = "PrimeNumbers.ConsoleApp", "PrimeNumbers.ConsoleApp\PrimeNumbers.ConsoleApp.csproj", "{9563001A-A580-4B59-8246-B1060A9B32AD}"
EndProject
Project("{9A19103F-16F7-4668-BE54-9A1E7A4F7556}") = "PrimeNumbers.Core", "PrimeNumbers.Core\PrimeNumbers.Core.csproj", "{A80A96B8-43CC-4E7E-87EF-C5F3D2081AF4}"
EndProject
Global
	GlobalSection(SolutionConfigurationPlatforms) = preSolution
		Debug|Any CPU = Debug|Any CPU
		Release|Any CPU = Release|Any CPU
	EndGlobalSection
	GlobalSection(ProjectConfigurationPlatforms) = postSolution
		{1128537E-DE87-439E-AC8D-A1375B3BB54B}.Debug|Any CPU.ActiveCfg = Debug|Any CPU
		{1128537E-DE87-439E-AC8D-A1375B3BB54B}.Debug|Any CPU.Build.0 = Debug|Any CPU
		{1128537E-DE87-439E-AC8D-A1375B3BB54B}.Release|Any CPU.ActiveCfg = Release|Any CPU
		{1128537E-DE87-439E-AC8D-A1375B3BB54B}.Release|Any CPU.Build.0 = Release|Any CPU
		{9563001A-A580-4B59-8246-B1060A9B32AD}.Debug|Any CPU.ActiveCfg = Debug|Any CPU
		{9563001A-A580-4B59-8246-B1060A9B32AD}.Debug|Any CPU.Build.0 = Debug|Any CPU
		{9563001A-A580-4B59-8246-B1060A9B32AD}.Release|Any CPU.ActiveCfg = Release|Any CPU
		{9563001A-A580-4B59-8246-B1060A9B32AD}.Release|Any CPU.Build.0 = Release|Any CPU
		{A80A96B8-43CC-4E7E-87EF-C5F3D2081AF4}.Debug|Any CPU.ActiveCfg = Debug|Any CPU
		{A80A96B8-43CC-4E7E-87EF-C5F3D2081AF4}.Debug|Any CPU.Build.0 = Debug|Any CPU
		{A80A96B8-43CC-4E7E-87EF-C5F3D2081AF4}.Release|Any CPU.ActiveCfg = Release|Any CPU
		{A80A96B8-43CC-4E7E-87EF-C5F3D2081AF4}.Release|Any CPU.Build.0 = Release|Any CPU
	EndGlobalSection
	GlobalSection(SolutionProperties) = preSolution
		HideSolutionNode = FALSE
	EndGlobalSection
	GlobalSection(ExtensibilityGlobals) = postSolution
		SolutionGuid = {F47B8056-437B-461E-A8A1-D1B4B8199D5D}
	EndGlobalSection
EndGlobal
